
Microsoft Visual Studio Solution File, Format Version 12.00
# Visual Studio 15
VisualStudioVersion = 15.0.27004.2002
MinimumVisualStudioVersion = 10.0.40219.1
Project("{2150E333-8FDC-42A3-9474-1A3956D46DE8}") = "src", "src", "{CDAD0DFC-DC77-46B3-904C-BEFAC4C253E6}"
EndProject
Project("{9A19103F-16F7-4668-BE54-9A1E7A4F7556}") = "Shop.Web", "src\Shop.Web\Shop.Web.csproj", "{3AF57335-5300-4ED2-AD43-459043F3B412}"
EndProject
Project("{9A19103F-16F7-4668-BE54-9A1E7A4F7556}") = "Shop.Core", "src\Shop.Core\Shop.Core.csproj", "{F48453AD-EA3A-45B8-B128-B39C44C5C0F9}"
EndProject
Project("{2150E333-8FDC-42A3-9474-1A3956D46DE8}") = "tests", "tests", "{FB074A2C-3265-469E-9FE9-BF398CC70B49}"
EndProject
Project("{FAE04EC0-301F-11D3-BF4B-00C04F79EFBC}") = "Shop.Tests", "tests\Shop.Tests\Shop.Tests.csproj", "{9A298209-93CC-4A87-94A2-9002C8FE115B}"
EndProject
Global
	GlobalSection(SolutionConfigurationPlatforms) = preSolution
		Debug|Any CPU = Debug|Any CPU
		Release|Any CPU = Release|Any CPU
	EndGlobalSection
	GlobalSection(ProjectConfigurationPlatforms) = postSolution
		{3AF57335-5300-4ED2-AD43-459043F3B412}.Debug|Any CPU.ActiveCfg = Debug|Any CPU
		{3AF57335-5300-4ED2-AD43-459043F3B412}.Debug|Any CPU.Build.0 = Debug|Any CPU
		{3AF57335-5300-4ED2-AD43-459043F3B412}.Release|Any CPU.ActiveCfg = Release|Any CPU
		{3AF57335-5300-4ED2-AD43-459043F3B412}.Release|Any CPU.Build.0 = Release|Any CPU
		{F48453AD-EA3A-45B8-B128-B39C44C5C0F9}.Debug|Any CPU.ActiveCfg = Debug|Any CPU
		{F48453AD-EA3A-45B8-B128-B39C44C5C0F9}.Debug|Any CPU.Build.0 = Debug|Any CPU
		{F48453AD-EA3A-45B8-B128-B39C44C5C0F9}.Release|Any CPU.ActiveCfg = Release|Any CPU
		{F48453AD-EA3A-45B8-B128-B39C44C5C0F9}.Release|Any CPU.Build.0 = Release|Any CPU
		{9A298209-93CC-4A87-94A2-9002C8FE115B}.Debug|Any CPU.ActiveCfg = Debug|Any CPU
		{9A298209-93CC-4A87-94A2-9002C8FE115B}.Debug|Any CPU.Build.0 = Debug|Any CPU
		{9A298209-93CC-4A87-94A2-9002C8FE115B}.Release|Any CPU.ActiveCfg = Release|Any CPU
		{9A298209-93CC-4A87-94A2-9002C8FE115B}.Release|Any CPU.Build.0 = Release|Any CPU
	EndGlobalSection
	GlobalSection(SolutionProperties) = preSolution
		HideSolutionNode = FALSE
	EndGlobalSection
	GlobalSection(NestedProjects) = preSolution
		{3AF57335-5300-4ED2-AD43-459043F3B412} = {CDAD0DFC-DC77-46B3-904C-BEFAC4C253E6}
		{F48453AD-EA3A-45B8-B128-B39C44C5C0F9} = {CDAD0DFC-DC77-46B3-904C-BEFAC4C253E6}
		{9A298209-93CC-4A87-94A2-9002C8FE115B} = {FB074A2C-3265-469E-9FE9-BF398CC70B49}
	EndGlobalSection
	GlobalSection(ExtensibilityGlobals) = postSolution
		SolutionGuid = {BC5E81DC-8D1C-438C-A52D-8D2AF3DCB27A}
	EndGlobalSection
EndGlobal
